// !$*UTF8*$!
{
	archiveVersion = 1;
	classes = {
	};
	objectVersion = 46;
	objects = {

/* Begin PBXBuildFile section */
		501722241F53B306009592DA /* main.m in Sources */ = {isa = PBXBuildFile; fileRef = 501722231F53B306009592DA /* main.m */; };
		501722271F53B306009592DA /* AppDelegate.m in Sources */ = {isa = PBXBuildFile; fileRef = 501722261F53B306009592DA /* AppDelegate.m */; };
		5017222A1F53B306009592DA /* ViewController.m in Sources */ = {isa = PBXBuildFile; fileRef = 501722291F53B306009592DA /* ViewController.m */; };
		5017222D1F53B306009592DA /* Main.storyboard in Resources */ = {isa = PBXBuildFile; fileRef = 5017222B1F53B306009592DA /* Main.storyboard */; };
		5017222F1F53B306009592DA /* Assets.xcassets in Resources */ = {isa = PBXBuildFile; fileRef = 5017222E1F53B306009592DA /* Assets.xcassets */; };
		501722321F53B306009592DA /* LaunchScreen.storyboard in Resources */ = {isa = PBXBuildFile; fileRef = 501722301F53B306009592DA /* LaunchScreen.storyboard */; };
/* End PBXBuildFile section */

/* Begin PBXFileReference section */
		5017221F1F53B306009592DA /* FilePicker.app */ = {isa = PBXFileReference; explicitFileType = wrapper.application; includeInIndex = 0; path = FilePicker.app; sourceTree = BUILT_PRODUCTS_DIR; };
		501722231F53B306009592DA /* main.m */ = {isa = PBXFileReference; lastKnownFileType = sourcecode.c.objc; path = main.m; sourceTree = "<group>"; };
		501722251F53B306009592DA /* AppDelegate.h */ = {isa = PBXFileReference; lastKnownFileType = sourcecode.c.h; path = AppDelegate.h; sourceTree = "<group>"; };
		501722261F53B306009592DA /* AppDelegate.m */ = {isa = PBXFileReference; lastKnownFileType = sourcecode.c.objc; path = AppDelegate.m; sourceTree = "<group>"; };
		501722281F53B306009592DA /* ViewController.h */ = {isa = PBXFileReference; lastKnownFileType = sourcecode.c.h; path = ViewController.h; sourceTree = "<group>"; };
		501722291F53B306009592DA /* ViewController.m */ = {isa = PBXFileReference; lastKnownFileType = sourcecode.c.objc; path = ViewController.m; sourceTree = "<group>"; };
		5017222C1F53B306009592DA /* Base */ = {isa = PBXFileReference; lastKnownFileType = file.storyboard; name = Base; path = Base.lproj/Main.storyboard; sourceTree = "<group>"; };
		5017222E1F53B306009592DA /* Assets.xcassets */ = {isa = PBXFileReference; lastKnownFileType = folder.assetcatalog; path = Assets.xcassets; sourceTree = "<group>"; };
		501722311F53B306009592DA /* Base */ = {isa = PBXFileReference; lastKnownFileType = file.storyboard; name = Base; path = Base.lproj/LaunchScreen.storyboard; sourceTree = "<group>"; };
		501722331F53B306009592DA /* Info.plist */ = {isa = PBXFileReference; lastKnownFileType = text.plist.xml; path = Info.plist; sourceTree = "<group>"; };
/* End PBXFileReference section */

/* Begin PBXFrameworksBuildPhase section */
		5017221C1F53B306009592DA /* Frameworks */ = {
			isa = PBXFrameworksBuildPhase;
			buildActionMask = 2147483647;
			files = (
			);
			runOnlyForDeploymentPostprocessing = 0;
		};
/* End PBXFrameworksBuildPhase section */

/* Begin PBXGroup section */
		501722161F53B306009592DA = {
			isa = PBXGroup;
			children = (
				501722211F53B306009592DA /* FilePicker */,
				501722201F53B306009592DA /* Products */,
			);
			sourceTree = "<group>";
		};
		501722201F53B306009592DA /* Products */ = {
			isa = PBXGroup;
			children = (
				5017221F1F53B306009592DA /* FilePicker.app */,
			);
			name = Products;
			sourceTree = "<group>";
		};
		501722211F53B306009592DA /* FilePicker */ = {
			isa = PBXGroup;
			children = (
				501722251F53B306009592DA /* AppDelegate.h */,
				501722261F53B306009592DA /* AppDelegate.m */,
				501722281F53B306009592DA /* ViewController.h */,
				501722291F53B306009592DA /* ViewController.m */,
				5017222B1F53B306009592DA /* Main.storyboard */,
				5017222E1F53B306009592DA /* Assets.xcassets */,
				501722301F53B306009592DA /* LaunchScreen.storyboard */,
				501722331F53B306009592DA /* Info.plist */,
				501722221F53B306009592DA /* Supporting Files */,
			);
			path = FilePicker;
			sourceTree = "<group>";
		};
		501722221F53B306009592DA /* Supporting Files */ = {
			isa = PBXGroup;
			children = (
				501722231F53B306009592DA /* main.m */,
			);
			name = "Supporting Files";
			sourceTree = "<group>";
		};
/* End PBXGroup section */

/* Begin PBXNativeTarget section */
		5017221E1F53B306009592DA /* FilePicker */ = {
			isa = PBXNativeTarget;
			buildConfigurationList = 501722361F53B306009592DA /* Build configuration list for PBXNativeTarget "FilePicker" */;
			buildPhases = (
				5017221B1F53B306009592DA /* Sources */,
				5017221C1F53B306009592DA /* Frameworks */,
				5017221D1F53B306009592DA /* Resources */,
			);
			buildRules = (
			);
			dependencies = (
			);
			name = FilePicker;
			productName = FilePicker;
			productReference = 5017221F1F53B306009592DA /* FilePicker.app */;
			productType = "com.apple.product-type.application";
		};
/* End PBXNativeTarget section */

/* Begin PBXProject section */
		501722171F53B306009592DA /* Project object */ = {
			isa = PBXProject;
			attributes = {
				LastUpgradeCheck = 0830;
				ORGANIZATIONNAME = "胡焘坤";
				TargetAttributes = {
					5017221E1F53B306009592DA = {
						CreatedOnToolsVersion = 8.3.3;
						DevelopmentTeam = 8SWVUHC49K;
						ProvisioningStyle = Automatic;
					};
				};
			};
			buildConfigurationList = 5017221A1F53B306009592DA /* Build configuration list for PBXProject "FilePicker" */;
			compatibilityVersion = "Xcode 3.2";
			developmentRegion = English;
			hasScannedForEncodings = 0;
			knownRegions = (
				en,
				Base,
			);
			mainGroup = 501722161F53B306009592DA;
			productRefGroup = 501722201F53B306009592DA /* Products */;
			projectDirPath = "";
			projectRoot = "";
			targets = (
				5017221E1F53B306009592DA /* FilePicker */,
			);
		};
/* End PBXProject section */

/* Begin PBXResourcesBuildPhase section */
		5017221D1F53B306009592DA /* Resources */ = {
			isa = PBXResourcesBuildPhase;
			buildActionMask = 2147483647;
			files = (
				501722321F53B306009592DA /* LaunchScreen.storyboard in Resources */,
				5017222F1F53B306009592DA /* Assets.xcassets in Resources */,
				5017222D1F53B306009592DA /* Main.storyboard in Resources */,
			);
			runOnlyForDeploymentPostprocessing = 0;
		};
/* End PBXResourcesBuildPhase section */

/* Begin PBXSourcesBuildPhase section */
		5017221B1F53B306009592DA /* Sources */ = {
			isa = PBXSourcesBuildPhase;
			buildActionMask = 2147483647;
			files = (
				5017222A1F53B306009592DA /* ViewController.m in Sources */,
				501722271F53B306009592DA /* AppDelegate.m in Sources */,
				501722241F53B306009592DA /* main.m in Sources */,
			);
			runOnlyForDeploymentPostprocessing = 0;
		};
/* End PBXSourcesBuildPhase section */

/* Begin PBXVariantGroup section */
		5017222B1F53B306009592DA /* Main.storyboard */ = {
			isa = PBXVariantGroup;
			children = (
				5017222C1F53B306009592DA /* Base */,
			);
			name = Main.storyboard;
			sourceTree = "<group>";
		};
		501722301F53B306009592DA /* LaunchScreen.storyboard */ = {
			isa = PBXVariantGroup;
			children = (
				501722311F53B306009592DA /* Base */,
			);
			name = LaunchScreen.storyboard;
			sourceTree = "<group>";
		};
/* End PBXVariantGroup section */

/* Begin XCBuildConfiguration section */
		501722341F53B306009592DA /* Debug */ = {
			isa = XCBuildConfiguration;
			buildSettings = {
				ALWAYS_SEARCH_USER_PATHS = NO;
				CLANG_ANALYZER_NONNULL = YES;
				CLANG_ANALYZER_NUMBER_OBJECT_CONVERSION = YES_AGGRESSIVE;
				CLANG_CXX_LANGUAGE_STANDARD = "gnu++0x";
				CLANG_CXX_LIBRARY = "libc++";
				CLANG_ENABLE_MODULES = YES;
				CLANG_ENABLE_OBJC_ARC = YES;
				CLANG_WARN_BOOL_CONVERSION = YES;
				CLANG_WARN_CONSTANT_CONVERSION = YES;
				CLANG_WARN_DIRECT_OBJC_ISA_USAGE = YES_ERROR;
				CLANG_WARN_DOCUMENTATION_COMMENTS = YES;
				CLANG_WARN_EMPTY_BODY = YES;
				CLANG_WARN_ENUM_CONVERSION = YES;
				CLANG_WARN_INFINITE_RECURSION = YES;
				CLANG_WARN_INT_CONVERSION = YES;
				CLANG_WARN_OBJC_ROOT_CLASS = YES_ERROR;
				CLANG_WARN_SUSPICIOUS_MOVE = YES;
				CLANG_WARN_UNREACHABLE_CODE = YES;
				CLANG_WARN__DUPLICATE_METHOD_MATCH = YES;
				"CODE_SIGN_IDENTITY[sdk=iphoneos*]" = "iPhone Developer";
				COPY_PHASE_STRIP = NO;
				DEBUG_INFORMATION_FORMAT = dwarf;
				ENABLE_STRICT_OBJC_MSGSEND = YES;
				ENABLE_TESTABILITY = YES;
				GCC_C_LANGUAGE_STANDARD = gnu99;
				GCC_DYNAMIC_NO_PIC = NO;
				GCC_NO_COMMON_BLOCKS = YES;
				GCC_OPTIMIZATION_LEVEL = 0;
				GCC_PREPROCESSOR_DEFINITIONS = (
					"DEBUG=1",
					"$(inherited)",
				);
				GCC_WARN_64_TO_32_BIT_CONVERSION = YES;
				GCC_WARN_ABOUT_RETURN_TYPE = YES_ERROR;
				GCC_WARN_UNDECLARED_SELECTOR = YES;
				GCC_WARN_UNINITIALIZED_AUTOS = YES_AGGRESSIVE;
				GCC_WARN_UNUSED_FUNCTION = YES;
				GCC_WARN_UNUSED_VARIABLE = YES;
				IPHONEOS_DEPLOYMENT_TARGET = 10.3;
				MTL_ENABLE_DEBUG_INFO = YES;
				ONLY_ACTIVE_ARCH = YES;
				SDKROOT = iphoneos;
				TARGETED_DEVICE_FAMILY = "1,2";
			};
			name = Debug;
		};
		501722351F53B306009592DA /* Release */ = {
			isa = XCBuildConfiguration;
			buildSettings = {
				ALWAYS_SEARCH_USER_PATHS = NO;
				CLANG_ANALYZER_NONNULL = YES;
				CLANG_ANALYZER_NUMBER_OBJECT_CONVERSION = YES_AGGRESSIVE;
				CLANG_CXX_LANGUAGE_STANDARD = "gnu++0x";
				CLANG_CXX_LIBRARY = "libc++";
				CLANG_ENABLE_MODULES = YES;
				CLANG_ENABLE_OBJC_ARC = YES;
				CLANG_WARN_BOOL_CONVERSION = YES;
				CLANG_WARN_CONSTANT_CONVERSION = YES;
				CLANG_WARN_DIRECT_OBJC_ISA_USAGE = YES_ERROR;
				CLANG_WARN_DOCUMENTATION_COMMENTS = YES;
				CLANG_WARN_EMPTY_BODY = YES;
				CLANG_WARN_ENUM_CONVERSION = YES;
				CLANG_WARN_INFINITE_RECURSION = YES;
				CLANG_WARN_INT_CONVERSION = YES;
				CLANG_WARN_OBJC_ROOT_CLASS = YES_ERROR;
				CLANG_WARN_SUSPICIOUS_MOVE = YES;
				CLANG_WARN_UNREACHABLE_CODE = YES;
				CLANG_WARN__DUPLICATE_METHOD_MATCH = YES;
				"CODE_SIGN_IDENTITY[sdk=iphoneos*]" = "iPhone Developer";
				COPY_PHASE_STRIP = NO;
				DEBUG_INFORMATION_FORMAT = "dwarf-with-dsym";
				ENABLE_NS_ASSERTIONS = NO;
				ENABLE_STRICT_OBJC_MSGSEND = YES;
				GCC_C_LANGUAGE_STANDARD = gnu99;
				GCC_NO_COMMON_BLOCKS = YES;
				GCC_WARN_64_TO_32_BIT_CONVERSION = YES;
				GCC_WARN_ABOUT_RETURN_TYPE = YES_ERROR;
				GCC_WARN_UNDECLARED_SELECTOR = YES;
				GCC_WARN_UNINITIALIZED_AUTOS = YES_AGGRESSIVE;
				GCC_WARN_UNUSED_FUNCTION = YES;
				GCC_WARN_UNUSED_VARIABLE = YES;
				IPHONEOS_DEPLOYMENT_TARGET = 10.3;
				MTL_ENABLE_DEBUG_INFO = NO;
				SDKROOT = iphoneos;
				TARGETED_DEVICE_FAMILY = "1,2";
				VALIDATE_PRODUCT = YES;
			};
			name = Release;
		};
		501722371F53B306009592DA /* Debug */ = {
			isa = XCBuildConfiguration;
			buildSettings = {
				ASSETCATALOG_COMPILER_APPICON_NAME = AppIcon;
				DEVELOPMENT_TEAM = 8SWVUHC49K;
				INFOPLIST_FILE = FilePicker/Info.plist;
				LD_RUNPATH_SEARCH_PATHS = "$(inherited) @executable_path/Frameworks";
				PRODUCT_BUNDLE_IDENTIFIER = com.htk.FilePicker;
				PRODUCT_NAME = "$(TARGET_NAME)";
			};
			name = Debug;
		};
		501722381F53B306009592DA /* Release */ = {
			isa = XCBuildConfiguration;
			buildSettings = {
				ASSETCATALOG_COMPILER_APPICON_NAME = AppIcon;
				DEVELOPMENT_TEAM = 8SWVUHC49K;
				INFOPLIST_FILE = FilePicker/Info.plist;
				LD_RUNPATH_SEARCH_PATHS = "$(inherited) @executable_path/Frameworks";
				PRODUCT_BUNDLE_IDENTIFIER = com.htk.FilePicker;
				PRODUCT_NAME = "$(TARGET_NAME)";
			};
			name = Release;
		};
/* End XCBuildConfiguration section */

/* Begin XCConfigurationList section */
		5017221A1F53B306009592DA /* Build configuration list for PBXProject "FilePicker" */ = {
			isa = XCConfigurationList;
			buildConfigurations = (
				501722341F53B306009592DA /* Debug */,
				501722351F53B306009592DA /* Release */,
			);
			defaultConfigurationIsVisible = 0;
			defaultConfigurationName = Release;
		};
		501722361F53B306009592DA /* Build configuration list for PBXNativeTarget "FilePicker" */ = {
			isa = XCConfigurationList;
			buildConfigurations = (
				501722371F53B306009592DA /* Debug */,
				501722381F53B306009592DA /* Release */,
			);
			defaultConfigurationIsVisible = 0;
		};
/* End XCConfigurationList section */
	};
	rootObject = 501722171F53B306009592DA /* Project object */;
}
